
Microsoft Visual Studio Solution File, Format Version 12.00
# Visual Studio Version 17
VisualStudioVersion = 17.10.35027.167
MinimumVisualStudioVersion = 10.0.40219.1
Project("{FAE04EC0-301F-11D3-BF4B-00C04F79EFBC}") = "LaboratorioManagerAPI", "LaboratorioManagerAPI.csproj", "{0389261E-07BE-471F-8AA3-474C273D501B}"
EndProject
Global
	GlobalSection(SolutionConfigurationPlatforms) = preSolution
		Debug|Any CPU = Debug|Any CPU
		Release|Any CPU = Release|Any CPU
	EndGlobalSection
	GlobalSection(ProjectConfigurationPlatforms) = postSolution
		{0389261E-07BE-471F-8AA3-474C273D501B}.Debug|Any CPU.ActiveCfg = Debug|Any CPU
		{0389261E-07BE-471F-8AA3-474C273D501B}.Debug|Any CPU.Build.0 = Debug|Any CPU
		{0389261E-07BE-471F-8AA3-474C273D501B}.Release|Any CPU.ActiveCfg = Release|Any CPU
		{0389261E-07BE-471F-8AA3-474C273D501B}.Release|Any CPU.Build.0 = Release|Any CPU
	EndGlobalSection
	GlobalSection(SolutionProperties) = preSolution
		HideSolutionNode = FALSE
	EndGlobalSection
	GlobalSection(ExtensibilityGlobals) = postSolution
		SolutionGuid = {3C49797F-629C-4FF1-9A8B-60470B9F68CC}
	EndGlobalSection
EndGlobal
